
Microsoft Visual Studio Solution File, Format Version 12.00
# Visual Studio Version 17
VisualStudioVersion = 17.13.35818.85
MinimumVisualStudioVersion = 10.0.40219.1
Project("{FAE04EC0-301F-11D3-BF4B-00C04F79EFBC}") = "LoadBalancing", "LoadBalancing.csproj", "{BB2A58F8-5839-48EC-A8BF-BE1345E7F2EF}"
EndProject
Project("{FAE04EC0-301F-11D3-BF4B-00C04F79EFBC}") = "LoadBalancing.Tests", "..\LoadBalancing.Tests\LoadBalancing.Tests.csproj", "{A9CC36D2-3610-40E8-B0E3-AEBBFC49E099}"
EndProject
Global
	GlobalSection(SolutionConfigurationPlatforms) = preSolution
		Debug|Any CPU = Debug|Any CPU
		Release|Any CPU = Release|Any CPU
	EndGlobalSection
	GlobalSection(ProjectConfigurationPlatforms) = postSolution
		{BB2A58F8-5839-48EC-A8BF-BE1345E7F2EF}.Debug|Any CPU.ActiveCfg = Debug|Any CPU
		{BB2A58F8-5839-48EC-A8BF-BE1345E7F2EF}.Debug|Any CPU.Build.0 = Debug|Any CPU
		{BB2A58F8-5839-48EC-A8BF-BE1345E7F2EF}.Release|Any CPU.ActiveCfg = Release|Any CPU
		{BB2A58F8-5839-48EC-A8BF-BE1345E7F2EF}.Release|Any CPU.Build.0 = Release|Any CPU
		{A9CC36D2-3610-40E8-B0E3-AEBBFC49E099}.Debug|Any CPU.ActiveCfg = Debug|Any CPU
		{A9CC36D2-3610-40E8-B0E3-AEBBFC49E099}.Debug|Any CPU.Build.0 = Debug|Any CPU
		{A9CC36D2-3610-40E8-B0E3-AEBBFC49E099}.Release|Any CPU.ActiveCfg = Release|Any CPU
		{A9CC36D2-3610-40E8-B0E3-AEBBFC49E099}.Release|Any CPU.Build.0 = Release|Any CPU
	EndGlobalSection
	GlobalSection(SolutionProperties) = preSolution
		HideSolutionNode = FALSE
	EndGlobalSection
	GlobalSection(ExtensibilityGlobals) = postSolution
		SolutionGuid = {39697D6C-1245-4972-8CF5-294263E25DB7}
	EndGlobalSection
EndGlobal
